// !$*UTF8*$!
{
	archiveVersion = 1;
	classes = {
	};
	objectVersion = 56;
	objects = {

/* Begin PBXBuildFile section */
		711154BC297D8265007675EA /* ProfileController.swift in Sources */ = {isa = PBXBuildFile; fileRef = 711154BB297D8265007675EA /* ProfileController.swift */; };
		714FCDC9297FEF3500F8939C /* ProfileFooter.swift in Sources */ = {isa = PBXBuildFile; fileRef = 714FCDC8297FEF3500F8939C /* ProfileFooter.swift */; };
		7163020B297EA9EF00C9BA78 /* ProfileViewModel.swift in Sources */ = {isa = PBXBuildFile; fileRef = 7163020A297EA9EF00C9BA78 /* ProfileViewModel.swift */; };
		7163020D297EAA1E00C9BA78 /* ProfileCell.swift in Sources */ = {isa = PBXBuildFile; fileRef = 7163020C297EAA1E00C9BA78 /* ProfileCell.swift */; };
		7163020F297EAA5300C9BA78 /* Extension.swift in Sources */ = {isa = PBXBuildFile; fileRef = 7163020E297EAA5300C9BA78 /* Extension.swift */; };
		71630211297EAD4000C9BA78 /* ProfileHeader.swift in Sources */ = {isa = PBXBuildFile; fileRef = 71630210297EAD4000C9BA78 /* ProfileHeader.swift */; };
		719C9759297D1CFF0069A9C1 /* AppDelegate.swift in Sources */ = {isa = PBXBuildFile; fileRef = 719C9758297D1CFF0069A9C1 /* AppDelegate.swift */; };
		719C975B297D1CFF0069A9C1 /* SceneDelegate.swift in Sources */ = {isa = PBXBuildFile; fileRef = 719C975A297D1CFF0069A9C1 /* SceneDelegate.swift */; };
		719C975D297D1CFF0069A9C1 /* ViewController.swift in Sources */ = {isa = PBXBuildFile; fileRef = 719C975C297D1CFF0069A9C1 /* ViewController.swift */; };
		719C9760297D1CFF0069A9C1 /* Main.storyboard in Resources */ = {isa = PBXBuildFile; fileRef = 719C975E297D1CFF0069A9C1 /* Main.storyboard */; };
		719C9762297D1D000069A9C1 /* Assets.xcassets in Resources */ = {isa = PBXBuildFile; fileRef = 719C9761297D1D000069A9C1 /* Assets.xcassets */; };
		719C9765297D1D000069A9C1 /* LaunchScreen.storyboard in Resources */ = {isa = PBXBuildFile; fileRef = 719C9763297D1D000069A9C1 /* LaunchScreen.storyboard */; };
		719C9770297D1D4F0069A9C1 /* MainTabBarController.swift in Sources */ = {isa = PBXBuildFile; fileRef = 719C976F297D1D4F0069A9C1 /* MainTabBarController.swift */; };
/* End PBXBuildFile section */

/* Begin PBXFileReference section */
		711154BB297D8265007675EA /* ProfileController.swift */ = {isa = PBXFileReference; lastKnownFileType = sourcecode.swift; path = ProfileController.swift; sourceTree = "<group>"; };
		714FCDC8297FEF3500F8939C /* ProfileFooter.swift */ = {isa = PBXFileReference; lastKnownFileType = sourcecode.swift; path = ProfileFooter.swift; sourceTree = "<group>"; };
		7163020A297EA9EF00C9BA78 /* ProfileViewModel.swift */ = {isa = PBXFileReference; lastKnownFileType = sourcecode.swift; path = ProfileViewModel.swift; sourceTree = "<group>"; };
		7163020C297EAA1E00C9BA78 /* ProfileCell.swift */ = {isa = PBXFileReference; lastKnownFileType = sourcecode.swift; path = ProfileCell.swift; sourceTree = "<group>"; };
		7163020E297EAA5300C9BA78 /* Extension.swift */ = {isa = PBXFileReference; lastKnownFileType = sourcecode.swift; path = Extension.swift; sourceTree = "<group>"; };
		71630210297EAD4000C9BA78 /* ProfileHeader.swift */ = {isa = PBXFileReference; lastKnownFileType = sourcecode.swift; path = ProfileHeader.swift; sourceTree = "<group>"; };
		719C9755297D1CFF0069A9C1 /* MassimoDutti.app */ = {isa = PBXFileReference; explicitFileType = wrapper.application; includeInIndex = 0; path = MassimoDutti.app; sourceTree = BUILT_PRODUCTS_DIR; };
		719C9758297D1CFF0069A9C1 /* AppDelegate.swift */ = {isa = PBXFileReference; lastKnownFileType = sourcecode.swift; path = AppDelegate.swift; sourceTree = "<group>"; };
		719C975A297D1CFF0069A9C1 /* SceneDelegate.swift */ = {isa = PBXFileReference; lastKnownFileType = sourcecode.swift; path = SceneDelegate.swift; sourceTree = "<group>"; };
		719C975C297D1CFF0069A9C1 /* ViewController.swift */ = {isa = PBXFileReference; lastKnownFileType = sourcecode.swift; path = ViewController.swift; sourceTree = "<group>"; };
		719C975F297D1CFF0069A9C1 /* Base */ = {isa = PBXFileReference; lastKnownFileType = file.storyboard; name = Base; path = Base.lproj/Main.storyboard; sourceTree = "<group>"; };
		719C9761297D1D000069A9C1 /* Assets.xcassets */ = {isa = PBXFileReference; lastKnownFileType = folder.assetcatalog; path = Assets.xcassets; sourceTree = "<group>"; };
		719C9764297D1D000069A9C1 /* Base */ = {isa = PBXFileReference; lastKnownFileType = file.storyboard; name = Base; path = Base.lproj/LaunchScreen.storyboard; sourceTree = "<group>"; };
		719C9766297D1D000069A9C1 /* Info.plist */ = {isa = PBXFileReference; lastKnownFileType = text.plist.xml; path = Info.plist; sourceTree = "<group>"; };
		719C976F297D1D4F0069A9C1 /* MainTabBarController.swift */ = {isa = PBXFileReference; lastKnownFileType = sourcecode.swift; path = MainTabBarController.swift; sourceTree = "<group>"; };
/* End PBXFileReference section */

/* Begin PBXFrameworksBuildPhase section */
		719C9752297D1CFF0069A9C1 /* Frameworks */ = {
			isa = PBXFrameworksBuildPhase;
			buildActionMask = 2147483647;
			files = (
			);
			runOnlyForDeploymentPostprocessing = 0;
		};
/* End PBXFrameworksBuildPhase section */

/* Begin PBXGroup section */
		71630209297EA92500C9BA78 /* ProfileScreen */ = {
			isa = PBXGroup;
			children = (
				711154BB297D8265007675EA /* ProfileController.swift */,
				7163020A297EA9EF00C9BA78 /* ProfileViewModel.swift */,
				7163020C297EAA1E00C9BA78 /* ProfileCell.swift */,
				71630210297EAD4000C9BA78 /* ProfileHeader.swift */,
				714FCDC8297FEF3500F8939C /* ProfileFooter.swift */,
			);
			path = ProfileScreen;
			sourceTree = "<group>";
		};
		719C974C297D1CFF0069A9C1 = {
			isa = PBXGroup;
			children = (
				719C9757297D1CFF0069A9C1 /* MassimoDutti */,
				719C9756297D1CFF0069A9C1 /* Products */,
			);
			sourceTree = "<group>";
		};
		719C9756297D1CFF0069A9C1 /* Products */ = {
			isa = PBXGroup;
			children = (
				719C9755297D1CFF0069A9C1 /* MassimoDutti.app */,
			);
			name = Products;
			sourceTree = "<group>";
		};
		719C9757297D1CFF0069A9C1 /* MassimoDutti */ = {
			isa = PBXGroup;
			children = (
				719C976D297D1D0D0069A9C1 /* Core */,
				719C976C297D1D0B0069A9C1 /* Screen */,
			);
			path = MassimoDutti;
			sourceTree = "<group>";
		};
		719C976C297D1D0B0069A9C1 /* Screen */ = {
			isa = PBXGroup;
			children = (
				719C976E297D1D3A0069A9C1 /* MainTabBar */,
				71630209297EA92500C9BA78 /* ProfileScreen */,
			);
			path = Screen;
			sourceTree = "<group>";
		};
		719C976D297D1D0D0069A9C1 /* Core */ = {
			isa = PBXGroup;
			children = (
				719C9758297D1CFF0069A9C1 /* AppDelegate.swift */,
				719C975A297D1CFF0069A9C1 /* SceneDelegate.swift */,
				719C975C297D1CFF0069A9C1 /* ViewController.swift */,
				7163020E297EAA5300C9BA78 /* Extension.swift */,
				719C975E297D1CFF0069A9C1 /* Main.storyboard */,
				719C9761297D1D000069A9C1 /* Assets.xcassets */,
				719C9763297D1D000069A9C1 /* LaunchScreen.storyboard */,
				719C9766297D1D000069A9C1 /* Info.plist */,
			);
			path = Core;
			sourceTree = "<group>";
		};
		719C976E297D1D3A0069A9C1 /* MainTabBar */ = {
			isa = PBXGroup;
			children = (
				719C976F297D1D4F0069A9C1 /* MainTabBarController.swift */,
			);
			path = MainTabBar;
			sourceTree = "<group>";
		};
/* End PBXGroup section */

/* Begin PBXNativeTarget section */
		719C9754297D1CFF0069A9C1 /* MassimoDutti */ = {
			isa = PBXNativeTarget;
			buildConfigurationList = 719C9769297D1D000069A9C1 /* Build configuration list for PBXNativeTarget "MassimoDutti" */;
			buildPhases = (
				719C9751297D1CFF0069A9C1 /* Sources */,
				719C9752297D1CFF0069A9C1 /* Frameworks */,
				719C9753297D1CFF0069A9C1 /* Resources */,
			);
			buildRules = (
			);
			dependencies = (
			);
			name = MassimoDutti;
			productName = MassimoDutti;
			productReference = 719C9755297D1CFF0069A9C1 /* MassimoDutti.app */;
			productType = "com.apple.product-type.application";
		};
/* End PBXNativeTarget section */

/* Begin PBXProject section */
		719C974D297D1CFF0069A9C1 /* Project object */ = {
			isa = PBXProject;
			attributes = {
				BuildIndependentTargetsInParallel = 1;
				LastSwiftUpdateCheck = 1400;
				LastUpgradeCheck = 1400;
				TargetAttributes = {
					719C9754297D1CFF0069A9C1 = {
						CreatedOnToolsVersion = 14.0;
					};
				};
			};
			buildConfigurationList = 719C9750297D1CFF0069A9C1 /* Build configuration list for PBXProject "MassimoDutti" */;
			compatibilityVersion = "Xcode 14.0";
			developmentRegion = en;
			hasScannedForEncodings = 0;
			knownRegions = (
				en,
				Base,
			);
			mainGroup = 719C974C297D1CFF0069A9C1;
			productRefGroup = 719C9756297D1CFF0069A9C1 /* Products */;
			projectDirPath = "";
			projectRoot = "";
			targets = (
				719C9754297D1CFF0069A9C1 /* MassimoDutti */,
			);
		};
/* End PBXProject section */

/* Begin PBXResourcesBuildPhase section */
		719C9753297D1CFF0069A9C1 /* Resources */ = {
			isa = PBXResourcesBuildPhase;
			buildActionMask = 2147483647;
			files = (
				719C9765297D1D000069A9C1 /* LaunchScreen.storyboard in Resources */,
				719C9762297D1D000069A9C1 /* Assets.xcassets in Resources */,
				719C9760297D1CFF0069A9C1 /* Main.storyboard in Resources */,
			);
			runOnlyForDeploymentPostprocessing = 0;
		};
/* End PBXResourcesBuildPhase section */

/* Begin PBXSourcesBuildPhase section */
		719C9751297D1CFF0069A9C1 /* Sources */ = {
			isa = PBXSourcesBuildPhase;
			buildActionMask = 2147483647;
			files = (
				7163020B297EA9EF00C9BA78 /* ProfileViewModel.swift in Sources */,
				711154BC297D8265007675EA /* ProfileController.swift in Sources */,
				719C975D297D1CFF0069A9C1 /* ViewController.swift in Sources */,
				719C9759297D1CFF0069A9C1 /* AppDelegate.swift in Sources */,
				719C9770297D1D4F0069A9C1 /* MainTabBarController.swift in Sources */,
				719C975B297D1CFF0069A9C1 /* SceneDelegate.swift in Sources */,
				714FCDC9297FEF3500F8939C /* ProfileFooter.swift in Sources */,
				7163020D297EAA1E00C9BA78 /* ProfileCell.swift in Sources */,
				7163020F297EAA5300C9BA78 /* Extension.swift in Sources */,
				71630211297EAD4000C9BA78 /* ProfileHeader.swift in Sources */,
			);
			runOnlyForDeploymentPostprocessing = 0;
		};
/* End PBXSourcesBuildPhase section */

/* Begin PBXVariantGroup section */
		719C975E297D1CFF0069A9C1 /* Main.storyboard */ = {
			isa = PBXVariantGroup;
			children = (
				719C975F297D1CFF0069A9C1 /* Base */,
			);
			name = Main.storyboard;
			sourceTree = "<group>";
		};
		719C9763297D1D000069A9C1 /* LaunchScreen.storyboard */ = {
			isa = PBXVariantGroup;
			children = (
				719C9764297D1D000069A9C1 /* Base */,
			);
			name = LaunchScreen.storyboard;
			sourceTree = "<group>";
		};
/* End PBXVariantGroup section */

/* Begin XCBuildConfiguration section */
		719C9767297D1D000069A9C1 /* Debug */ = {
			isa = XCBuildConfiguration;
			buildSettings = {
				ALWAYS_SEARCH_USER_PATHS = NO;
				CLANG_ANALYZER_NONNULL = YES;
				CLANG_ANALYZER_NUMBER_OBJECT_CONVERSION = YES_AGGRESSIVE;
				CLANG_CXX_LANGUAGE_STANDARD = "gnu++20";
				CLANG_ENABLE_MODULES = YES;
				CLANG_ENABLE_OBJC_ARC = YES;
				CLANG_ENABLE_OBJC_WEAK = YES;
				CLANG_WARN_BLOCK_CAPTURE_AUTORELEASING = YES;
				CLANG_WARN_BOOL_CONVERSION = YES;
				CLANG_WARN_COMMA = YES;
				CLANG_WARN_CONSTANT_CONVERSION = YES;
				CLANG_WARN_DEPRECATED_OBJC_IMPLEMENTATIONS = YES;
				CLANG_WARN_DIRECT_OBJC_ISA_USAGE = YES_ERROR;
				CLANG_WARN_DOCUMENTATION_COMMENTS = YES;
				CLANG_WARN_EMPTY_BODY = YES;
				CLANG_WARN_ENUM_CONVERSION = YES;
				CLANG_WARN_INFINITE_RECURSION = YES;
				CLANG_WARN_INT_CONVERSION = YES;
				CLANG_WARN_NON_LITERAL_NULL_CONVERSION = YES;
				CLANG_WARN_OBJC_IMPLICIT_RETAIN_SELF = YES;
				CLANG_WARN_OBJC_LITERAL_CONVERSION = YES;
				CLANG_WARN_OBJC_ROOT_CLASS = YES_ERROR;
				CLANG_WARN_QUOTED_INCLUDE_IN_FRAMEWORK_HEADER = YES;
				CLANG_WARN_RANGE_LOOP_ANALYSIS = YES;
				CLANG_WARN_STRICT_PROTOTYPES = YES;
				CLANG_WARN_SUSPICIOUS_MOVE = YES;
				CLANG_WARN_UNGUARDED_AVAILABILITY = YES_AGGRESSIVE;
				CLANG_WARN_UNREACHABLE_CODE = YES;
				CLANG_WARN__DUPLICATE_METHOD_MATCH = YES;
				COPY_PHASE_STRIP = NO;
				DEBUG_INFORMATION_FORMAT = dwarf;
				ENABLE_STRICT_OBJC_MSGSEND = YES;
				ENABLE_TESTABILITY = YES;
				GCC_C_LANGUAGE_STANDARD = gnu11;
				GCC_DYNAMIC_NO_PIC = NO;
				GCC_NO_COMMON_BLOCKS = YES;
				GCC_OPTIMIZATION_LEVEL = 0;
				GCC_PREPROCESSOR_DEFINITIONS = (
					"DEBUG=1",
					"$(inherited)",
				);
				GCC_WARN_64_TO_32_BIT_CONVERSION = YES;
				GCC_WARN_ABOUT_RETURN_TYPE = YES_ERROR;
				GCC_WARN_UNDECLARED_SELECTOR = YES;
				GCC_WARN_UNINITIALIZED_AUTOS = YES_AGGRESSIVE;
				GCC_WARN_UNUSED_FUNCTION = YES;
				GCC_WARN_UNUSED_VARIABLE = YES;
				IPHONEOS_DEPLOYMENT_TARGET = 16.0;
				MTL_ENABLE_DEBUG_INFO = INCLUDE_SOURCE;
				MTL_FAST_MATH = YES;
				ONLY_ACTIVE_ARCH = YES;
				SDKROOT = iphoneos;
				SWIFT_ACTIVE_COMPILATION_CONDITIONS = DEBUG;
				SWIFT_OPTIMIZATION_LEVEL = "-Onone";
			};
			name = Debug;
		};
		719C9768297D1D000069A9C1 /* Release */ = {
			isa = XCBuildConfiguration;
			buildSettings = {
				ALWAYS_SEARCH_USER_PATHS = NO;
				CLANG_ANALYZER_NONNULL = YES;
				CLANG_ANALYZER_NUMBER_OBJECT_CONVERSION = YES_AGGRESSIVE;
				CLANG_CXX_LANGUAGE_STANDARD = "gnu++20";
				CLANG_ENABLE_MODULES = YES;
				CLANG_ENABLE_OBJC_ARC = YES;
				CLANG_ENABLE_OBJC_WEAK = YES;
				CLANG_WARN_BLOCK_CAPTURE_AUTORELEASING = YES;
				CLANG_WARN_BOOL_CONVERSION = YES;
				CLANG_WARN_COMMA = YES;
				CLANG_WARN_CONSTANT_CONVERSION = YES;
				CLANG_WARN_DEPRECATED_OBJC_IMPLEMENTATIONS = YES;
				CLANG_WARN_DIRECT_OBJC_ISA_USAGE = YES_ERROR;
				CLANG_WARN_DOCUMENTATION_COMMENTS = YES;
				CLANG_WARN_EMPTY_BODY = YES;
				CLANG_WARN_ENUM_CONVERSION = YES;
				CLANG_WARN_INFINITE_RECURSION = YES;
				CLANG_WARN_INT_CONVERSION = YES;
				CLANG_WARN_NON_LITERAL_NULL_CONVERSION = YES;
				CLANG_WARN_OBJC_IMPLICIT_RETAIN_SELF = YES;
				CLANG_WARN_OBJC_LITERAL_CONVERSION = YES;
				CLANG_WARN_OBJC_ROOT_CLASS = YES_ERROR;
				CLANG_WARN_QUOTED_INCLUDE_IN_FRAMEWORK_HEADER = YES;
				CLANG_WARN_RANGE_LOOP_ANALYSIS = YES;
				CLANG_WARN_STRICT_PROTOTYPES = YES;
				CLANG_WARN_SUSPICIOUS_MOVE = YES;
				CLANG_WARN_UNGUARDED_AVAILABILITY = YES_AGGRESSIVE;
				CLANG_WARN_UNREACHABLE_CODE = YES;
				CLANG_WARN__DUPLICATE_METHOD_MATCH = YES;
				COPY_PHASE_STRIP = NO;
				DEBUG_INFORMATION_FORMAT = "dwarf-with-dsym";
				ENABLE_NS_ASSERTIONS = NO;
				ENABLE_STRICT_OBJC_MSGSEND = YES;
				GCC_C_LANGUAGE_STANDARD = gnu11;
				GCC_NO_COMMON_BLOCKS = YES;
				GCC_WARN_64_TO_32_BIT_CONVERSION = YES;
				GCC_WARN_ABOUT_RETURN_TYPE = YES_ERROR;
				GCC_WARN_UNDECLARED_SELECTOR = YES;
				GCC_WARN_UNINITIALIZED_AUTOS = YES_AGGRESSIVE;
				GCC_WARN_UNUSED_FUNCTION = YES;
				GCC_WARN_UNUSED_VARIABLE = YES;
				IPHONEOS_DEPLOYMENT_TARGET = 16.0;
				MTL_ENABLE_DEBUG_INFO = NO;
				MTL_FAST_MATH = YES;
				SDKROOT = iphoneos;
				SWIFT_COMPILATION_MODE = wholemodule;
				SWIFT_OPTIMIZATION_LEVEL = "-O";
				VALIDATE_PRODUCT = YES;
			};
			name = Release;
		};
		719C976A297D1D000069A9C1 /* Debug */ = {
			isa = XCBuildConfiguration;
			buildSettings = {
				ASSETCATALOG_COMPILER_APPICON_NAME = AppIcon;
				ASSETCATALOG_COMPILER_GLOBAL_ACCENT_COLOR_NAME = AccentColor;
				CODE_SIGN_STYLE = Automatic;
				CURRENT_PROJECT_VERSION = 1;
				DEVELOPMENT_TEAM = FAHJ57W2W9;
				GENERATE_INFOPLIST_FILE = YES;
				INFOPLIST_FILE = MassimoDutti/Core/Info.plist;
				INFOPLIST_KEY_UIApplicationSupportsIndirectInputEvents = YES;
				INFOPLIST_KEY_UILaunchStoryboardName = LaunchScreen;
				INFOPLIST_KEY_UIMainStoryboardFile = Main;
				INFOPLIST_KEY_UISupportedInterfaceOrientations_iPad = "UIInterfaceOrientationPortrait UIInterfaceOrientationPortraitUpsideDown UIInterfaceOrientationLandscapeLeft UIInterfaceOrientationLandscapeRight";
				INFOPLIST_KEY_UISupportedInterfaceOrientations_iPhone = "UIInterfaceOrientationPortrait UIInterfaceOrientationLandscapeLeft UIInterfaceOrientationLandscapeRight";
				LD_RUNPATH_SEARCH_PATHS = (
					"$(inherited)",
					"@executable_path/Frameworks",
				);
				MARKETING_VERSION = 1.0;
				PRODUCT_BUNDLE_IDENTIFIER = com.oguzhankin.MassimoDutti;
				PRODUCT_NAME = "$(TARGET_NAME)";
				SWIFT_EMIT_LOC_STRINGS = YES;
				SWIFT_VERSION = 5.0;
				TARGETED_DEVICE_FAMILY = "1,2";
			};
			name = Debug;
		};
		719C976B297D1D000069A9C1 /* Release */ = {
			isa = XCBuildConfiguration;
			buildSettings = {
				ASSETCATALOG_COMPILER_APPICON_NAME = AppIcon;
				ASSETCATALOG_COMPILER_GLOBAL_ACCENT_COLOR_NAME = AccentColor;
				CODE_SIGN_STYLE = Automatic;
				CURRENT_PROJECT_VERSION = 1;
				DEVELOPMENT_TEAM = FAHJ57W2W9;
				GENERATE_INFOPLIST_FILE = YES;
				INFOPLIST_FILE = MassimoDutti/Core/Info.plist;
				INFOPLIST_KEY_UIApplicationSupportsIndirectInputEvents = YES;
				INFOPLIST_KEY_UILaunchStoryboardName = LaunchScreen;
				INFOPLIST_KEY_UIMainStoryboardFile = Main;
				INFOPLIST_KEY_UISupportedInterfaceOrientations_iPad = "UIInterfaceOrientationPortrait UIInterfaceOrientationPortraitUpsideDown UIInterfaceOrientationLandscapeLeft UIInterfaceOrientationLandscapeRight";
				INFOPLIST_KEY_UISupportedInterfaceOrientations_iPhone = "UIInterfaceOrientationPortrait UIInterfaceOrientationLandscapeLeft UIInterfaceOrientationLandscapeRight";
				LD_RUNPATH_SEARCH_PATHS = (
					"$(inherited)",
					"@executable_path/Frameworks",
				);
				MARKETING_VERSION = 1.0;
				PRODUCT_BUNDLE_IDENTIFIER = com.oguzhankin.MassimoDutti;
				PRODUCT_NAME = "$(TARGET_NAME)";
				SWIFT_EMIT_LOC_STRINGS = YES;
				SWIFT_VERSION = 5.0;
				TARGETED_DEVICE_FAMILY = "1,2";
			};
			name = Release;
		};
/* End XCBuildConfiguration section */

/* Begin XCConfigurationList section */
		719C9750297D1CFF0069A9C1 /* Build configuration list for PBXProject "MassimoDutti" */ = {
			isa = XCConfigurationList;
			buildConfigurations = (
				719C9767297D1D000069A9C1 /* Debug */,
				719C9768297D1D000069A9C1 /* Release */,
			);
			defaultConfigurationIsVisible = 0;
			defaultConfigurationName = Release;
		};
		719C9769297D1D000069A9C1 /* Build configuration list for PBXNativeTarget "MassimoDutti" */ = {
			isa = XCConfigurationList;
			buildConfigurations = (
				719C976A297D1D000069A9C1 /* Debug */,
				719C976B297D1D000069A9C1 /* Release */,
			);
			defaultConfigurationIsVisible = 0;
			defaultConfigurationName = Release;
		};
/* End XCConfigurationList section */
	};
	rootObject = 719C974D297D1CFF0069A9C1 /* Project object */;
}
